
Microsoft Visual Studio Solution File, Format Version 12.00
# Visual Studio Version 17
VisualStudioVersion = 17.13.35931.197
MinimumVisualStudioVersion = 10.0.40219.1
Project("{FAE04EC0-301F-11D3-BF4B-00C04F79EFBC}") = "EDP", "EDP.csproj", "{83E0B3A7-A565-46B7-AB3B-3C959A1A0B78}"
EndProject
Project("{54435603-DBB4-11D2-8724-00A0C9A8B90C}") = "JFKLStoreInstaller", "..\JFKLStoreInstaller\JFKLStoreInstaller.vdproj", "{774539CE-1E98-4171-D1D7-36F8BE746A7F}"
EndProject
Global
	GlobalSection(SolutionConfigurationPlatforms) = preSolution
		Debug|Any CPU = Debug|Any CPU
		Release|Any CPU = Release|Any CPU
	EndGlobalSection
	GlobalSection(ProjectConfigurationPlatforms) = postSolution
		{83E0B3A7-A565-46B7-AB3B-3C959A1A0B78}.Debug|Any CPU.ActiveCfg = Debug|Any CPU
		{83E0B3A7-A565-46B7-AB3B-3C959A1A0B78}.Debug|Any CPU.Build.0 = Debug|Any CPU
		{83E0B3A7-A565-46B7-AB3B-3C959A1A0B78}.Release|Any CPU.ActiveCfg = Release|Any CPU
		{83E0B3A7-A565-46B7-AB3B-3C959A1A0B78}.Release|Any CPU.Build.0 = Release|Any CPU
		{774539CE-1E98-4171-D1D7-36F8BE746A7F}.Debug|Any CPU.ActiveCfg = Debug
		{774539CE-1E98-4171-D1D7-36F8BE746A7F}.Release|Any CPU.ActiveCfg = Release
	EndGlobalSection
	GlobalSection(SolutionProperties) = preSolution
		HideSolutionNode = FALSE
	EndGlobalSection
	GlobalSection(ExtensibilityGlobals) = postSolution
		SolutionGuid = {5D7582AB-7EB7-4BCD-A779-ADA4B3DD9AED}
	EndGlobalSection
EndGlobal
